
Microsoft Visual Studio Solution File, Format Version 12.00
# Visual Studio Version 16
VisualStudioVersion = 16.0.30523.141
MinimumVisualStudioVersion = 10.0.40219.1
Project("{FAE04EC0-301F-11D3-BF4B-00C04F79EFBC}") = "Our_Team", "Our_Team\Our_Team.csproj", "{B54ABE42-D6E7-4B42-A728-DED6FC4E529C}"
EndProject
Global
	GlobalSection(SolutionConfigurationPlatforms) = preSolution
		Debug|Any CPU = Debug|Any CPU
		Release|Any CPU = Release|Any CPU
	EndGlobalSection
	GlobalSection(ProjectConfigurationPlatforms) = postSolution
		{B54ABE42-D6E7-4B42-A728-DED6FC4E529C}.Debug|Any CPU.ActiveCfg = Debug|Any CPU
		{B54ABE42-D6E7-4B42-A728-DED6FC4E529C}.Debug|Any CPU.Build.0 = Debug|Any CPU
		{B54ABE42-D6E7-4B42-A728-DED6FC4E529C}.Release|Any CPU.ActiveCfg = Release|Any CPU
		{B54ABE42-D6E7-4B42-A728-DED6FC4E529C}.Release|Any CPU.Build.0 = Release|Any CPU
	EndGlobalSection
	GlobalSection(SolutionProperties) = preSolution
		HideSolutionNode = FALSE
	EndGlobalSection
	GlobalSection(ExtensibilityGlobals) = postSolution
		SolutionGuid = {624C91E0-361B-4104-9038-7A4C5C75410B}
	EndGlobalSection
EndGlobal
